// !$*UTF8*$!
{
	archiveVersion = 1;
	classes = {
	};
	objectVersion = 77;
	objects = {

/* Begin PBXBuildFile section */
		013E5BBCA0F00499D645A757 /* MONTRAApp.swift in Sources */ = {isa = PBXBuildFile; fileRef = EC384F94972FB8ABF7F4047A /* MONTRAApp.swift */; };
		04C760A869614C38E0511915 /* TrainerInboxView.swift in Sources */ = {isa = PBXBuildFile; fileRef = 49C1747AB14811CAFAC6BD65 /* TrainerInboxView.swift */; };
		07D6A9A4E4D74A2DBB2F3B11 /* LiveDataConnectivity.swift in Sources */ = {isa = PBXBuildFile; fileRef = 6F9A8C2F2F7D4E6A9D3C5F21 /* LiveDataConnectivity.swift */; };
		0B5B368675D96420F05FF3D1 /* GoogleService-Info.plist in Resources */ = {isa = PBXBuildFile; fileRef = 7E774ACCC55BF37AAE9812EC /* GoogleService-Info.plist */; };
		0CB25A3063729E0FCFA7307F /* ProgressProfileView.swift in Sources */ = {isa = PBXBuildFile; fileRef = CF31AFC30C8CE4F651820006 /* ProgressProfileView.swift */; };
		11B32CB05329DE0D5B193684 /* ProfileMenuSheet.swift in Sources */ = {isa = PBXBuildFile; fileRef = 58248E8AFB62D6F27B3C82F4 /* ProfileMenuSheet.swift */; };
		16C4BE4BA8BD2500C54B0C80 /* TrainerTabView.swift in Sources */ = {isa = PBXBuildFile; fileRef = C3C060E3A69A93327AF0A025 /* TrainerTabView.swift */; };
		1D33D267C4BDCC61461C8EEA /* DashboardView.swift in Sources */ = {isa = PBXBuildFile; fileRef = 29AFF0C6AFD11FE7FCF767AF /* DashboardView.swift */; };
		270A8621D6698C7795B1DB6D /* SessionsView.swift in Sources */ = {isa = PBXBuildFile; fileRef = 9D5593F7A430E689CBF764A2 /* SessionsView.swift */; };
		27290A86FDF7900D3CF1504C /* Assets.xcassets in Resources */ = {isa = PBXBuildFile; fileRef = 1AB31CA4DEDFE8B135674FAA /* Assets.xcassets */; };
		37A77089AD4C7CCDD4A15F47 /* ContentView.swift in Sources */ = {isa = PBXBuildFile; fileRef = CD0F9AFAE98C400E81F11FB1 /* ContentView.swift */; };
		3E8C0FBDBE7966A671DB7309 /* SharedComponents.swift in Sources */ = {isa = PBXBuildFile; fileRef = 5742AE69821EC195A7939EDF /* SharedComponents.swift */; };
		4E3FE48D21C671F3C6341B8B /* TrainerDashboardView.swift in Sources */ = {isa = PBXBuildFile; fileRef = 67D422E9C092DB5545BAE4B0 /* TrainerDashboardView.swift */; };
		6F143A4FA58A2A01D6847DA4 /* OnboardingQuizView.swift in Sources */ = {isa = PBXBuildFile; fileRef = 8C31E6B650BAA18062C8E862 /* OnboardingQuizView.swift */; };
		70C6192DF40EF400FD8C689B /* ClientSchedulesView.swift in Sources */ = {isa = PBXBuildFile; fileRef = 9F223686D574CF3903786E95 /* ClientSchedulesView.swift */; };
		8A4A0DF89D00297F68849F65 /* AuthManager.swift in Sources */ = {isa = PBXBuildFile; fileRef = F1AD8584BC907F0E9AAA1BBA /* AuthManager.swift */; };
		97515F6D3A0CFF1439585311 /* LoginView.swift in Sources */ = {isa = PBXBuildFile; fileRef = 862A677FF5122F8C56A8F460 /* LoginView.swift */; };
		A454CD533725A1DCDF1B5452 /* ProgressView.swift in Sources */ = {isa = PBXBuildFile; fileRef = 22FC335F43503AFBD39D9B67 /* ProgressView.swift */; };
		A6958B59C26198F93F9ABA3A /* TrainerProgress.swift in Sources */ = {isa = PBXBuildFile; fileRef = 1F3CACE5834CF2C04AD3C45C /* TrainerProgress.swift */; };
		AFBA2D7AFFF5A19BF2D521F6 /* MontraCompactTopBar.swift in Sources */ = {isa = PBXBuildFile; fileRef = B5136A81B3A141BC939C5F89 /* MontraCompactTopBar.swift */; };
		C02DB6CAC6197D6E2F438BAD /* MessagesView.swift in Sources */ = {isa = PBXBuildFile; fileRef = 6CE961CD047FDE66F2DF35D4 /* MessagesView.swift */; };
		C171B7607A773B25DEDD8247 /* TrainerProgramsView.swift in Sources */ = {isa = PBXBuildFile; fileRef = 816B0C9B88470822F0525D2C /* TrainerProgramsView.swift */; };
		E81191F04DD6C64F6C42619D /* NotificationsView.swift in Sources */ = {isa = PBXBuildFile; fileRef = 71F506439AA346F5E43B5C4C /* NotificationsView.swift */; };
		ED0F611749CCC6B20EFEBBEC /* Theme.swift in Sources */ = {isa = PBXBuildFile; fileRef = 67A4AFFCD3600FC75FB826A8 /* Theme.swift */; };
		EE451267036BB5E07BBF1E1D /* FirebaseAuth in Frameworks */ = {isa = PBXBuildFile; productRef = 0CA30C01512DEA2A9B503157 /* FirebaseAuth */; };
		FA9B9432855047FE5B58306F /* SessionDetailView.swift in Sources */ = {isa = PBXBuildFile; fileRef = 4EEE315C5993F668C5E4C689 /* SessionDetailView.swift */; };
		FF1CD4AF86EBC6FBB65A9B6A /* TrainerSessionsView.swift in Sources */ = {isa = PBXBuildFile; fileRef = 52B3013F697BAF84CD5EAC4F /* TrainerSessionsView.swift */; };
/* End PBXBuildFile section */

/* Begin PBXFileReference section */
		1AB31CA4DEDFE8B135674FAA /* Assets.xcassets */ = {isa = PBXFileReference; lastKnownFileType = folder.assetcatalog; path = Assets.xcassets; sourceTree = "<group>"; };
		1F3CACE5834CF2C04AD3C45C /* TrainerProgress.swift */ = {isa = PBXFileReference; lastKnownFileType = sourcecode.swift; path = TrainerProgress.swift; sourceTree = "<group>"; };
		22FC335F43503AFBD39D9B67 /* ProgressView.swift */ = {isa = PBXFileReference; lastKnownFileType = sourcecode.swift; path = ProgressView.swift; sourceTree = "<group>"; };
		29AFF0C6AFD11FE7FCF767AF /* DashboardView.swift */ = {isa = PBXFileReference; lastKnownFileType = sourcecode.swift; path = DashboardView.swift; sourceTree = "<group>"; };
		49C1747AB14811CAFAC6BD65 /* TrainerInboxView.swift */ = {isa = PBXFileReference; lastKnownFileType = sourcecode.swift; path = TrainerInboxView.swift; sourceTree = "<group>"; };
		4EEE315C5993F668C5E4C689 /* SessionDetailView.swift */ = {isa = PBXFileReference; lastKnownFileType = sourcecode.swift; path = SessionDetailView.swift; sourceTree = "<group>"; };
		52B3013F697BAF84CD5EAC4F /* TrainerSessionsView.swift */ = {isa = PBXFileReference; lastKnownFileType = sourcecode.swift; path = TrainerSessionsView.swift; sourceTree = "<group>"; };
		5742AE69821EC195A7939EDF /* SharedComponents.swift */ = {isa = PBXFileReference; lastKnownFileType = sourcecode.swift; path = SharedComponents.swift; sourceTree = "<group>"; };
		58248E8AFB62D6F27B3C82F4 /* ProfileMenuSheet.swift */ = {isa = PBXFileReference; lastKnownFileType = sourcecode.swift; path = ProfileMenuSheet.swift; sourceTree = "<group>"; };
		67A4AFFCD3600FC75FB826A8 /* Theme.swift */ = {isa = PBXFileReference; lastKnownFileType = sourcecode.swift; path = Theme.swift; sourceTree = "<group>"; };
		67D422E9C092DB5545BAE4B0 /* TrainerDashboardView.swift */ = {isa = PBXFileReference; lastKnownFileType = sourcecode.swift; path = TrainerDashboardView.swift; sourceTree = "<group>"; };
		6CE961CD047FDE66F2DF35D4 /* MessagesView.swift */ = {isa = PBXFileReference; lastKnownFileType = sourcecode.swift; path = MessagesView.swift; sourceTree = "<group>"; };
		6F9A8C2F2F7D4E6A9D3C5F21 /* LiveDataConnectivity.swift */ = {isa = PBXFileReference; lastKnownFileType = sourcecode.swift; path = LiveDataConnectivity.swift; sourceTree = "<group>"; };
		71F506439AA346F5E43B5C4C /* NotificationsView.swift */ = {isa = PBXFileReference; lastKnownFileType = sourcecode.swift; path = NotificationsView.swift; sourceTree = "<group>"; };
		7E774ACCC55BF37AAE9812EC /* GoogleService-Info.plist */ = {isa = PBXFileReference; lastKnownFileType = text.plist; path = "GoogleService-Info.plist"; sourceTree = "<group>"; };
		816B0C9B88470822F0525D2C /* TrainerProgramsView.swift */ = {isa = PBXFileReference; lastKnownFileType = sourcecode.swift; path = TrainerProgramsView.swift; sourceTree = "<group>"; };
		862A677FF5122F8C56A8F460 /* LoginView.swift */ = {isa = PBXFileReference; lastKnownFileType = sourcecode.swift; path = LoginView.swift; sourceTree = "<group>"; };
		8C31E6B650BAA18062C8E862 /* OnboardingQuizView.swift */ = {isa = PBXFileReference; lastKnownFileType = sourcecode.swift; path = OnboardingQuizView.swift; sourceTree = "<group>"; };
		8CD8FCDB2943F6D915C973C5 /* Info.plist */ = {isa = PBXFileReference; lastKnownFileType = text.plist; path = Info.plist; sourceTree = "<group>"; };
		9D5593F7A430E689CBF764A2 /* SessionsView.swift */ = {isa = PBXFileReference; lastKnownFileType = sourcecode.swift; path = SessionsView.swift; sourceTree = "<group>"; };
		9F223686D574CF3903786E95 /* ClientSchedulesView.swift */ = {isa = PBXFileReference; lastKnownFileType = sourcecode.swift; path = ClientSchedulesView.swift; sourceTree = "<group>"; };
		B5136A81B3A141BC939C5F89 /* MontraCompactTopBar.swift */ = {isa = PBXFileReference; lastKnownFileType = sourcecode.swift; path = MontraCompactTopBar.swift; sourceTree = "<group>"; };
		C3C060E3A69A93327AF0A025 /* TrainerTabView.swift */ = {isa = PBXFileReference; lastKnownFileType = sourcecode.swift; path = TrainerTabView.swift; sourceTree = "<group>"; };
		CD0F9AFAE98C400E81F11FB1 /* ContentView.swift */ = {isa = PBXFileReference; lastKnownFileType = sourcecode.swift; path = ContentView.swift; sourceTree = "<group>"; };
		CF31AFC30C8CE4F651820006 /* ProgressProfileView.swift */ = {isa = PBXFileReference; lastKnownFileType = sourcecode.swift; path = ProgressProfileView.swift; sourceTree = "<group>"; };
		EC384F94972FB8ABF7F4047A /* MONTRAApp.swift */ = {isa = PBXFileReference; lastKnownFileType = sourcecode.swift; path = MONTRAApp.swift; sourceTree = "<group>"; };
		F1AD8584BC907F0E9AAA1BBA /* AuthManager.swift */ = {isa = PBXFileReference; lastKnownFileType = sourcecode.swift; path = AuthManager.swift; sourceTree = "<group>"; };
		FC14FA3CEE2D2EC1C1FE7336 /* MONTRA.app */ = {isa = PBXFileReference; explicitFileType = wrapper.application; includeInIndex = 0; path = MONTRA.app; sourceTree = BUILT_PRODUCTS_DIR; };
/* End PBXFileReference section */

/* Begin PBXFrameworksBuildPhase section */
		E9AD6278A8BC9C45E7BE2A78 /* Frameworks */ = {
			isa = PBXFrameworksBuildPhase;
			buildActionMask = 2147483647;
			files = (
				EE451267036BB5E07BBF1E1D /* FirebaseAuth in Frameworks */,
			);
			runOnlyForDeploymentPostprocessing = 0;
		};
/* End PBXFrameworksBuildPhase section */

/* Begin PBXGroup section */
		00D4DE441EC637693F3928D9 /* Products */ = {
			isa = PBXGroup;
			children = (
				FC14FA3CEE2D2EC1C1FE7336 /* MONTRA.app */,
			);
			name = Products;
			sourceTree = "<group>";
		};
		C6C9721346DA21C3A3598C2E = {
			isa = PBXGroup;
			children = (
				D9B28CE0CCDEFD0AFB1C5DB5 /* MONTRA */,
				00D4DE441EC637693F3928D9 /* Products */,
			);
			sourceTree = "<group>";
		};
		D9B28CE0CCDEFD0AFB1C5DB5 /* MONTRA */ = {
			isa = PBXGroup;
			children = (
				1AB31CA4DEDFE8B135674FAA /* Assets.xcassets */,
				F1AD8584BC907F0E9AAA1BBA /* AuthManager.swift */,
				9F223686D574CF3903786E95 /* ClientSchedulesView.swift */,
				CD0F9AFAE98C400E81F11FB1 /* ContentView.swift */,
				29AFF0C6AFD11FE7FCF767AF /* DashboardView.swift */,
				7E774ACCC55BF37AAE9812EC /* GoogleService-Info.plist */,
				8CD8FCDB2943F6D915C973C5 /* Info.plist */,
				862A677FF5122F8C56A8F460 /* LoginView.swift */,
				6F9A8C2F2F7D4E6A9D3C5F21 /* LiveDataConnectivity.swift */,
				6CE961CD047FDE66F2DF35D4 /* MessagesView.swift */,
				EC384F94972FB8ABF7F4047A /* MONTRAApp.swift */,
				B5136A81B3A141BC939C5F89 /* MontraCompactTopBar.swift */,
				71F506439AA346F5E43B5C4C /* NotificationsView.swift */,
				8C31E6B650BAA18062C8E862 /* OnboardingQuizView.swift */,
				58248E8AFB62D6F27B3C82F4 /* ProfileMenuSheet.swift */,
				CF31AFC30C8CE4F651820006 /* ProgressProfileView.swift */,
				22FC335F43503AFBD39D9B67 /* ProgressView.swift */,
				4EEE315C5993F668C5E4C689 /* SessionDetailView.swift */,
				9D5593F7A430E689CBF764A2 /* SessionsView.swift */,
				5742AE69821EC195A7939EDF /* SharedComponents.swift */,
				67A4AFFCD3600FC75FB826A8 /* Theme.swift */,
				67D422E9C092DB5545BAE4B0 /* TrainerDashboardView.swift */,
				49C1747AB14811CAFAC6BD65 /* TrainerInboxView.swift */,
				816B0C9B88470822F0525D2C /* TrainerProgramsView.swift */,
				1F3CACE5834CF2C04AD3C45C /* TrainerProgress.swift */,
				52B3013F697BAF84CD5EAC4F /* TrainerSessionsView.swift */,
				C3C060E3A69A93327AF0A025 /* TrainerTabView.swift */,
			);
			path = MONTRA;
			sourceTree = "<group>";
		};
/* End PBXGroup section */

/* Begin PBXNativeTarget section */
		A63E3E4F48678A0DAB5BD5CA /* MONTRA */ = {
			isa = PBXNativeTarget;
			buildConfigurationList = 21B07A06AB42764323DA18CC /* Build configuration list for PBXNativeTarget "MONTRA" */;
			buildPhases = (
				1B2454C76F9D38AE504D0B8B /* Sources */,
				5DC024588CA30AF0EF801E23 /* Resources */,
				E9AD6278A8BC9C45E7BE2A78 /* Frameworks */,
			);
			buildRules = (
			);
			dependencies = (
			);
			name = MONTRA;
			packageProductDependencies = (
				0CA30C01512DEA2A9B503157 /* FirebaseAuth */,
			);
			productName = MONTRA;
			productReference = FC14FA3CEE2D2EC1C1FE7336 /* MONTRA.app */;
			productType = "com.apple.product-type.application";
		};
/* End PBXNativeTarget section */

/* Begin PBXProject section */
		CAD69D8301143C035D025FCE /* Project object */ = {
			isa = PBXProject;
			attributes = {
				BuildIndependentTargetsInParallel = YES;
				LastUpgradeCheck = 1430;
				TargetAttributes = {
					A63E3E4F48678A0DAB5BD5CA = {
						DevelopmentTeam = X29HP9D526;
						ProvisioningStyle = Automatic;
					};
				};
			};
			buildConfigurationList = 3543EDF9DF1AAB8ADB194413 /* Build configuration list for PBXProject "MONTRA" */;
			developmentRegion = en;
			hasScannedForEncodings = 0;
			knownRegions = (
				Base,
				en,
			);
			mainGroup = C6C9721346DA21C3A3598C2E;
			minimizedProjectReferenceProxies = 1;
			packageReferences = (
				F8B82E658239FF74FFF3AF72 /* XCRemoteSwiftPackageReference "firebase-ios-sdk" */,
			);
			preferredProjectObjectVersion = 77;
			productRefGroup = 00D4DE441EC637693F3928D9 /* Products */;
			projectDirPath = "";
			projectRoot = "";
			targets = (
				A63E3E4F48678A0DAB5BD5CA /* MONTRA */,
			);
		};
/* End PBXProject section */

/* Begin PBXResourcesBuildPhase section */
		5DC024588CA30AF0EF801E23 /* Resources */ = {
			isa = PBXResourcesBuildPhase;
			buildActionMask = 2147483647;
			files = (
				27290A86FDF7900D3CF1504C /* Assets.xcassets in Resources */,
				0B5B368675D96420F05FF3D1 /* GoogleService-Info.plist in Resources */,
			);
			runOnlyForDeploymentPostprocessing = 0;
		};
/* End PBXResourcesBuildPhase section */

/* Begin PBXSourcesBuildPhase section */
		1B2454C76F9D38AE504D0B8B /* Sources */ = {
			isa = PBXSourcesBuildPhase;
			buildActionMask = 2147483647;
			files = (
				8A4A0DF89D00297F68849F65 /* AuthManager.swift in Sources */,
				70C6192DF40EF400FD8C689B /* ClientSchedulesView.swift in Sources */,
				37A77089AD4C7CCDD4A15F47 /* ContentView.swift in Sources */,
				1D33D267C4BDCC61461C8EEA /* DashboardView.swift in Sources */,
				97515F6D3A0CFF1439585311 /* LoginView.swift in Sources */,
				07D6A9A4E4D74A2DBB2F3B11 /* LiveDataConnectivity.swift in Sources */,
				013E5BBCA0F00499D645A757 /* MONTRAApp.swift in Sources */,
				C02DB6CAC6197D6E2F438BAD /* MessagesView.swift in Sources */,
				AFBA2D7AFFF5A19BF2D521F6 /* MontraCompactTopBar.swift in Sources */,
				E81191F04DD6C64F6C42619D /* NotificationsView.swift in Sources */,
				6F143A4FA58A2A01D6847DA4 /* OnboardingQuizView.swift in Sources */,
				11B32CB05329DE0D5B193684 /* ProfileMenuSheet.swift in Sources */,
				0CB25A3063729E0FCFA7307F /* ProgressProfileView.swift in Sources */,
				A454CD533725A1DCDF1B5452 /* ProgressView.swift in Sources */,
				FA9B9432855047FE5B58306F /* SessionDetailView.swift in Sources */,
				270A8621D6698C7795B1DB6D /* SessionsView.swift in Sources */,
				3E8C0FBDBE7966A671DB7309 /* SharedComponents.swift in Sources */,
				ED0F611749CCC6B20EFEBBEC /* Theme.swift in Sources */,
				4E3FE48D21C671F3C6341B8B /* TrainerDashboardView.swift in Sources */,
				04C760A869614C38E0511915 /* TrainerInboxView.swift in Sources */,
				C171B7607A773B25DEDD8247 /* TrainerProgramsView.swift in Sources */,
				A6958B59C26198F93F9ABA3A /* TrainerProgress.swift in Sources */,
				FF1CD4AF86EBC6FBB65A9B6A /* TrainerSessionsView.swift in Sources */,
				16C4BE4BA8BD2500C54B0C80 /* TrainerTabView.swift in Sources */,
			);
			runOnlyForDeploymentPostprocessing = 0;
		};
/* End PBXSourcesBuildPhase section */

/* Begin XCBuildConfiguration section */
		0209E1A74D208DD8F9F3C6DC /* Release */ = {
			isa = XCBuildConfiguration;
			buildSettings = {
				ALWAYS_SEARCH_USER_PATHS = NO;
				CLANG_ANALYZER_NONNULL = YES;
				CLANG_ANALYZER_NUMBER_OBJECT_CONVERSION = YES_AGGRESSIVE;
				CLANG_CXX_LANGUAGE_STANDARD = "gnu++14";
				CLANG_CXX_LIBRARY = "libc++";
				CLANG_ENABLE_MODULES = YES;
				CLANG_ENABLE_OBJC_ARC = YES;
				CLANG_ENABLE_OBJC_WEAK = YES;
				CLANG_WARN_BLOCK_CAPTURE_AUTORELEASING = YES;
				CLANG_WARN_BOOL_CONVERSION = YES;
				CLANG_WARN_COMMA = YES;
				CLANG_WARN_CONSTANT_CONVERSION = YES;
				CLANG_WARN_DEPRECATED_OBJC_IMPLEMENTATIONS = YES;
				CLANG_WARN_DIRECT_OBJC_ISA_USAGE = YES_ERROR;
				CLANG_WARN_DOCUMENTATION_COMMENTS = YES;
				CLANG_WARN_EMPTY_BODY = YES;
				CLANG_WARN_ENUM_CONVERSION = YES;
				CLANG_WARN_INFINITE_RECURSION = YES;
				CLANG_WARN_INT_CONVERSION = YES;
				CLANG_WARN_NON_LITERAL_NULL_CONVERSION = YES;
				CLANG_WARN_OBJC_IMPLICIT_RETAIN_SELF = YES;
				CLANG_WARN_OBJC_LITERAL_CONVERSION = YES;
				CLANG_WARN_OBJC_ROOT_CLASS = YES_ERROR;
				CLANG_WARN_QUOTED_INCLUDE_IN_FRAMEWORK_HEADER = YES;
				CLANG_WARN_RANGE_LOOP_ANALYSIS = YES;
				CLANG_WARN_STRICT_PROTOTYPES = YES;
				CLANG_WARN_SUSPICIOUS_MOVE = YES;
				CLANG_WARN_UNGUARDED_AVAILABILITY = YES_AGGRESSIVE;
				CLANG_WARN_UNREACHABLE_CODE = YES;
				CLANG_WARN__DUPLICATE_METHOD_MATCH = YES;
				COPY_PHASE_STRIP = NO;
				DEBUG_INFORMATION_FORMAT = "dwarf-with-dsym";
				ENABLE_NS_ASSERTIONS = NO;
				ENABLE_STRICT_OBJC_MSGSEND = YES;
				GCC_C_LANGUAGE_STANDARD = gnu11;
				GCC_NO_COMMON_BLOCKS = YES;
				GCC_WARN_64_TO_32_BIT_CONVERSION = YES;
				GCC_WARN_ABOUT_RETURN_TYPE = YES_ERROR;
				GCC_WARN_UNDECLARED_SELECTOR = YES;
				GCC_WARN_UNINITIALIZED_AUTOS = YES_AGGRESSIVE;
				GCC_WARN_UNUSED_FUNCTION = YES;
				GCC_WARN_UNUSED_VARIABLE = YES;
				IPHONEOS_DEPLOYMENT_TARGET = 17.0;
				MTL_ENABLE_DEBUG_INFO = NO;
				MTL_FAST_MATH = YES;
				PRODUCT_NAME = "$(TARGET_NAME)";
				SDKROOT = iphoneos;
				SWIFT_COMPILATION_MODE = wholemodule;
				SWIFT_OPTIMIZATION_LEVEL = "-O";
				SWIFT_VERSION = 5.0;
			};
			name = Release;
		};
		0E09E8961518655B2964A991 /* Debug */ = {
			isa = XCBuildConfiguration;
			buildSettings = {
				ALWAYS_SEARCH_USER_PATHS = NO;
				CLANG_ANALYZER_NONNULL = YES;
				CLANG_ANALYZER_NUMBER_OBJECT_CONVERSION = YES_AGGRESSIVE;
				CLANG_CXX_LANGUAGE_STANDARD = "gnu++14";
				CLANG_CXX_LIBRARY = "libc++";
				CLANG_ENABLE_MODULES = YES;
				CLANG_ENABLE_OBJC_ARC = YES;
				CLANG_ENABLE_OBJC_WEAK = YES;
				CLANG_WARN_BLOCK_CAPTURE_AUTORELEASING = YES;
				CLANG_WARN_BOOL_CONVERSION = YES;
				CLANG_WARN_COMMA = YES;
				CLANG_WARN_CONSTANT_CONVERSION = YES;
				CLANG_WARN_DEPRECATED_OBJC_IMPLEMENTATIONS = YES;
				CLANG_WARN_DIRECT_OBJC_ISA_USAGE = YES_ERROR;
				CLANG_WARN_DOCUMENTATION_COMMENTS = YES;
				CLANG_WARN_EMPTY_BODY = YES;
				CLANG_WARN_ENUM_CONVERSION = YES;
				CLANG_WARN_INFINITE_RECURSION = YES;
				CLANG_WARN_INT_CONVERSION = YES;
				CLANG_WARN_NON_LITERAL_NULL_CONVERSION = YES;
				CLANG_WARN_OBJC_IMPLICIT_RETAIN_SELF = YES;
				CLANG_WARN_OBJC_LITERAL_CONVERSION = YES;
				CLANG_WARN_OBJC_ROOT_CLASS = YES_ERROR;
				CLANG_WARN_QUOTED_INCLUDE_IN_FRAMEWORK_HEADER = YES;
				CLANG_WARN_RANGE_LOOP_ANALYSIS = YES;
				CLANG_WARN_STRICT_PROTOTYPES = YES;
				CLANG_WARN_SUSPICIOUS_MOVE = YES;
				CLANG_WARN_UNGUARDED_AVAILABILITY = YES_AGGRESSIVE;
				CLANG_WARN_UNREACHABLE_CODE = YES;
				CLANG_WARN__DUPLICATE_METHOD_MATCH = YES;
				COPY_PHASE_STRIP = NO;
				DEBUG_INFORMATION_FORMAT = dwarf;
				ENABLE_STRICT_OBJC_MSGSEND = YES;
				ENABLE_TESTABILITY = YES;
				GCC_C_LANGUAGE_STANDARD = gnu11;
				GCC_DYNAMIC_NO_PIC = NO;
				GCC_NO_COMMON_BLOCKS = YES;
				GCC_OPTIMIZATION_LEVEL = 0;
				GCC_PREPROCESSOR_DEFINITIONS = (
					"$(inherited)",
					"DEBUG=1",
				);
				GCC_WARN_64_TO_32_BIT_CONVERSION = YES;
				GCC_WARN_ABOUT_RETURN_TYPE = YES_ERROR;
				GCC_WARN_UNDECLARED_SELECTOR = YES;
				GCC_WARN_UNINITIALIZED_AUTOS = YES_AGGRESSIVE;
				GCC_WARN_UNUSED_FUNCTION = YES;
				GCC_WARN_UNUSED_VARIABLE = YES;
				IPHONEOS_DEPLOYMENT_TARGET = 17.0;
				MTL_ENABLE_DEBUG_INFO = INCLUDE_SOURCE;
				MTL_FAST_MATH = YES;
				ONLY_ACTIVE_ARCH = YES;
				PRODUCT_NAME = "$(TARGET_NAME)";
				SDKROOT = iphoneos;
				SWIFT_ACTIVE_COMPILATION_CONDITIONS = DEBUG;
				SWIFT_OPTIMIZATION_LEVEL = "-Onone";
				SWIFT_VERSION = 5.0;
			};
			name = Debug;
		};
		341EEBECA858ACD17E9D9AFC /* Release */ = {
			isa = XCBuildConfiguration;
			buildSettings = {
				ASSETCATALOG_COMPILER_ALTERNATE_APPICON_NAMES = "AppIconDark AppIconLight";
				ASSETCATALOG_COMPILER_APPICON_NAME = AppIcon;
				ASSETCATALOG_COMPILER_INCLUDE_ALL_APPICON_ASSETS = YES;
				CODE_SIGNING_ALLOWED = YES;
				CODE_SIGNING_REQUIRED = YES;
				CODE_SIGN_IDENTITY = "iPhone Developer";
				CODE_SIGN_STYLE = Automatic;
				CURRENT_PROJECT_VERSION = 3;
				DEVELOPMENT_TEAM = X29HP9D526;
				INFOPLIST_FILE = MONTRA/Info.plist;
				INFOPLIST_KEY_CFBundleDisplayName = MONTRA;
				INFOPLIST_KEY_LSApplicationCategoryType = "public.app-category.healthcare-fitness";
				IPHONEOS_DEPLOYMENT_TARGET = 17.0;
				LD_RUNPATH_SEARCH_PATHS = (
					"$(inherited)",
					"@executable_path/Frameworks",
				);
				MARKETING_VERSION = 1.0;
				PRODUCT_BUNDLE_IDENTIFIER = com.elitehomefitness.montra;
				SDKROOT = iphoneos;
				SWIFT_VERSION = 5.0;
				TARGETED_DEVICE_FAMILY = "1,2";
			};
			name = Release;
		};
		4BB76E4DB64141B4DFFDA5D4 /* Debug */ = {
			isa = XCBuildConfiguration;
			buildSettings = {
				ASSETCATALOG_COMPILER_ALTERNATE_APPICON_NAMES = "AppIconDark AppIconLight";
				ASSETCATALOG_COMPILER_APPICON_NAME = AppIcon;
				ASSETCATALOG_COMPILER_INCLUDE_ALL_APPICON_ASSETS = YES;
				CODE_SIGNING_ALLOWED = YES;
				CODE_SIGNING_REQUIRED = YES;
				CODE_SIGN_IDENTITY = "iPhone Developer";
				CODE_SIGN_STYLE = Automatic;
				CURRENT_PROJECT_VERSION = 3;
				DEVELOPMENT_TEAM = X29HP9D526;
				INFOPLIST_FILE = MONTRA/Info.plist;
				INFOPLIST_KEY_CFBundleDisplayName = MONTRA;
				INFOPLIST_KEY_LSApplicationCategoryType = "public.app-category.healthcare-fitness";
				IPHONEOS_DEPLOYMENT_TARGET = 17.0;
				LD_RUNPATH_SEARCH_PATHS = (
					"$(inherited)",
					"@executable_path/Frameworks",
				);
				MARKETING_VERSION = 1.0;
				PRODUCT_BUNDLE_IDENTIFIER = com.elitehomefitness.montra;
				SDKROOT = iphoneos;
				SWIFT_VERSION = 5.0;
				TARGETED_DEVICE_FAMILY = "1,2";
			};
			name = Debug;
		};
/* End XCBuildConfiguration section */

/* Begin XCConfigurationList section */
		21B07A06AB42764323DA18CC /* Build configuration list for PBXNativeTarget "MONTRA" */ = {
			isa = XCConfigurationList;
			buildConfigurations = (
				4BB76E4DB64141B4DFFDA5D4 /* Debug */,
				341EEBECA858ACD17E9D9AFC /* Release */,
			);
			defaultConfigurationIsVisible = 0;
			defaultConfigurationName = Debug;
		};
		3543EDF9DF1AAB8ADB194413 /* Build configuration list for PBXProject "MONTRA" */ = {
			isa = XCConfigurationList;
			buildConfigurations = (
				0E09E8961518655B2964A991 /* Debug */,
				0209E1A74D208DD8F9F3C6DC /* Release */,
			);
			defaultConfigurationIsVisible = 0;
			defaultConfigurationName = Debug;
		};
/* End XCConfigurationList section */

/* Begin XCRemoteSwiftPackageReference section */
		F8B82E658239FF74FFF3AF72 /* XCRemoteSwiftPackageReference "firebase-ios-sdk" */ = {
			isa = XCRemoteSwiftPackageReference;
			repositoryURL = "https://github.com/firebase/firebase-ios-sdk.git";
			requirement = {
				kind = upToNextMajorVersion;
				minimumVersion = 11.0.0;
			};
		};
/* End XCRemoteSwiftPackageReference section */

/* Begin XCSwiftPackageProductDependency section */
		0CA30C01512DEA2A9B503157 /* FirebaseAuth */ = {
			isa = XCSwiftPackageProductDependency;
			package = F8B82E658239FF74FFF3AF72 /* XCRemoteSwiftPackageReference "firebase-ios-sdk" */;
			productName = FirebaseAuth;
		};
/* End XCSwiftPackageProductDependency section */
	};
	rootObject = CAD69D8301143C035D025FCE /* Project object */;
}
